
Microsoft Visual Studio Solution File, Format Version 12.00
# Visual Studio 15
VisualStudioVersion = 15.0.28307.421
MinimumVisualStudioVersion = 10.0.40219.1
Project("{FAE04EC0-301F-11D3-BF4B-00C04F79EFBC}") = "Proyecto8", "Proyecto8\Proyecto8.csproj", "{9516B904-274A-4722-A806-148DDCEE60F3}"
EndProject
Global
	GlobalSection(SolutionConfigurationPlatforms) = preSolution
		Debug|Any CPU = Debug|Any CPU
		Release|Any CPU = Release|Any CPU
	EndGlobalSection
	GlobalSection(ProjectConfigurationPlatforms) = postSolution
		{9516B904-274A-4722-A806-148DDCEE60F3}.Debug|Any CPU.ActiveCfg = Debug|Any CPU
		{9516B904-274A-4722-A806-148DDCEE60F3}.Debug|Any CPU.Build.0 = Debug|Any CPU
		{9516B904-274A-4722-A806-148DDCEE60F3}.Release|Any CPU.ActiveCfg = Release|Any CPU
		{9516B904-274A-4722-A806-148DDCEE60F3}.Release|Any CPU.Build.0 = Release|Any CPU
	EndGlobalSection
	GlobalSection(SolutionProperties) = preSolution
		HideSolutionNode = FALSE
	EndGlobalSection
	GlobalSection(ExtensibilityGlobals) = postSolution
		SolutionGuid = {9B589618-30BF-446A-94AA-F392C1D3F997}
	EndGlobalSection
EndGlobal
